
Microsoft Visual Studio Solution File, Format Version 12.00
# Visual Studio Version 17
VisualStudioVersion = 17.0.31903.59
MinimumVisualStudioVersion = 10.0.40219.1
Project("{9A19103F-16F7-4668-BE54-9A1E7A4F7556}") = "Tyuiu.StoletovNA.Sprint3.Task0.V13.Lib", "Tyuiu.StoletovNA.Sprint3.Task0.V13.Lib\Tyuiu.StoletovNA.Sprint3.Task0.V13.Lib.csproj", "{47E05B06-6462-4AA4-94BC-C8BEE9090CC7}"
EndProject
Project("{9A19103F-16F7-4668-BE54-9A1E7A4F7556}") = "Tyuiu.StoletovNA.Sprint3.Task0.V13", "Tyuiu.StoletovNA.Sprint3.Task0.V13\Tyuiu.StoletovNA.Sprint3.Task0.V13.csproj", "{5238A45A-B471-4E49-A237-C1F4DEA1F00F}"
EndProject
Project("{9A19103F-16F7-4668-BE54-9A1E7A4F7556}") = "Tyuiu.StoletovNA.Sprint3.Task0.V13.Test", "Tyuiu.StoletovNA.Sprint3.Task0.V13.Test\Tyuiu.StoletovNA.Sprint3.Task0.V13.Test.csproj", "{0149D894-93CA-4158-9B46-170C377BAF49}"
EndProject
Project("{2150E333-8FDC-42A3-9474-1A3956D46DE8}") = "Task0", "Task0", "{0E901A0A-6D0A-48B4-B951-5C4CC9F6F2C7}"
EndProject
Project("{9A19103F-16F7-4668-BE54-9A1E7A4F7556}") = "Tyuiu.StoletovNA.Sprint3.Task1.V3.Lib", "Tyuiu.StoletovNA.Sprint3.Task1.V3.Lib\Tyuiu.StoletovNA.Sprint3.Task1.V3.Lib.csproj", "{47DBD9A1-EAE2-487D-8DA5-CC0AD350BA36}"
EndProject
Project("{9A19103F-16F7-4668-BE54-9A1E7A4F7556}") = "Tyuiu.StoletovNA.Sprint3.Task1.V3", "Tyuiu.StoletovNA.Sprint3.Task1.V3\Tyuiu.StoletovNA.Sprint3.Task1.V3.csproj", "{BB76627D-7400-4494-9B23-80B5D5295A48}"
EndProject
Project("{9A19103F-16F7-4668-BE54-9A1E7A4F7556}") = "Tyuiu.StoletovNA.Sprint3.Task1.V3.Test", "Tyuiu.StoletovNA.Sprint3.Task1.V3.Test\Tyuiu.StoletovNA.Sprint3.Task1.V3.Test.csproj", "{0FC726E7-E76C-4BE8-A33E-DE09B75396FC}"
EndProject
Project("{2150E333-8FDC-42A3-9474-1A3956D46DE8}") = "Task1", "Task1", "{AF781A4B-6CF2-45C2-81D0-ED0626CB9DF5}"
EndProject
Project("{9A19103F-16F7-4668-BE54-9A1E7A4F7556}") = "Tyuiu.StoletovNA.Sprint3.Task2.V11.Lib", "Tyuiu.StoletovNA.Sprint3.Task2.V11.Lib\Tyuiu.StoletovNA.Sprint3.Task2.V11.Lib.csproj", "{82406C3C-7E97-4EBC-B2BD-4EDE2CC4D853}"
EndProject
Project("{9A19103F-16F7-4668-BE54-9A1E7A4F7556}") = "Tyuiu.StoletovNA.Sprint3.Task2.V11", "Tyuiu.StoletovNA.Sprint3.Task2.V11\Tyuiu.StoletovNA.Sprint3.Task2.V11.csproj", "{DBBDBE5C-EEE3-455D-8667-09A07CD3008E}"
EndProject
Project("{9A19103F-16F7-4668-BE54-9A1E7A4F7556}") = "Tyuiu.StoletovNA.Sprint3.Task2.V11.Test", "Tyuiu.StoletovNA.Sprint3.Task2.V11.Test\Tyuiu.StoletovNA.Sprint3.Task2.V11.Test.csproj", "{74C90BF9-A691-4D0B-8BE4-4C1BA232A5D5}"
EndProject
Project("{2150E333-8FDC-42A3-9474-1A3956D46DE8}") = "Task2", "Task2", "{45CEDAA4-087C-4BDF-86DD-7B4E8975B154}"
EndProject
Project("{2150E333-8FDC-42A3-9474-1A3956D46DE8}") = "Task3", "Task3", "{39AB614E-0104-4F17-8365-178F7C168D1C}"
EndProject
Project("{9A19103F-16F7-4668-BE54-9A1E7A4F7556}") = "Tyuiu.StoletovNA.Sprint3.Task3.V6.Lib", "Tyuiu.StoletovNA.Sprint3.Task3.V6.Lib\Tyuiu.StoletovNA.Sprint3.Task3.V6.Lib.csproj", "{76E064EE-9A9F-4272-B26D-F994560EC4FF}"
EndProject
Project("{9A19103F-16F7-4668-BE54-9A1E7A4F7556}") = "Tyuiu.StoletovNA.Sprint3.Task3.V6", "Tyuiu.StoletovNA.Sprint3.Task3.V6\Tyuiu.StoletovNA.Sprint3.Task3.V6.csproj", "{D8278697-5756-4141-849C-14ED213703C5}"
EndProject
Project("{9A19103F-16F7-4668-BE54-9A1E7A4F7556}") = "Tyuiu.StoletovNA.Sprint3.Task3.V6.Test", "Tyuiu.StoletovNA.Sprint3.Task3.V6.Test\Tyuiu.StoletovNA.Sprint3.Task3.V6.Test.csproj", "{4A0424F0-1F1C-4AD3-9F44-DF8BE551137E}"
EndProject
Project("{2150E333-8FDC-42A3-9474-1A3956D46DE8}") = "Task4", "Task4", "{25726618-B6B0-4E56-8FD9-32305BF338AA}"
EndProject
Project("{9A19103F-16F7-4668-BE54-9A1E7A4F7556}") = "Tyuiu.StoletovNA.Sprint3.Task4.V28.Lib", "Tyuiu.StoletovNA.Sprint3.Task4.V28.Lib\Tyuiu.StoletovNA.Sprint3.Task4.V28.Lib.csproj", "{24245F52-41A9-44D2-BDA5-AA27A6334216}"
EndProject
Project("{9A19103F-16F7-4668-BE54-9A1E7A4F7556}") = "Tyuiu.StoletovNA.Sprint3.Task4.V28", "Tyuiu.StoletovNA.Sprint3.Task4.V28\Tyuiu.StoletovNA.Sprint3.Task4.V28.csproj", "{94F48152-8406-4836-AD97-8B9661682CB5}"
EndProject
Project("{9A19103F-16F7-4668-BE54-9A1E7A4F7556}") = "Tyuiu.StoletovNA.Sprint3.Task4.V28.Test", "Tyuiu.StoletovNA.Sprint3.Task4.V28.Test\Tyuiu.StoletovNA.Sprint3.Task4.V28.Test.csproj", "{8576346A-77D9-42ED-B92F-F322E0EEB3B6}"
EndProject
Project("{9A19103F-16F7-4668-BE54-9A1E7A4F7556}") = "Tyuiu.StoletovNA.Sprint3.Task5.V11.Lib", "Tyuiu.StoletovNA.Sprint3.Task5.V11.Lib\Tyuiu.StoletovNA.Sprint3.Task5.V11.Lib.csproj", "{A5C56FC9-E0C8-4013-8B83-45EF0BFEB8DF}"
EndProject
Project("{9A19103F-16F7-4668-BE54-9A1E7A4F7556}") = "Tyuiu.StoletovNA.Sprint3.Task5.V11", "Tyuiu.StoletovNA.Sprint3.Task5.V11\Tyuiu.StoletovNA.Sprint3.Task5.V11.csproj", "{1F7FD5B0-C112-4ED1-ABEE-F59F6DC71593}"
EndProject
Project("{9A19103F-16F7-4668-BE54-9A1E7A4F7556}") = "Tyuiu.StoletovNA.Sprint3.Task5.V11.Test", "Tyuiu.StoletovNA.Sprint3.Task5.V11.Test\Tyuiu.StoletovNA.Sprint3.Task5.V11.Test.csproj", "{DD4F7791-8977-42E4-AB50-515028FD3756}"
EndProject
Project("{2150E333-8FDC-42A3-9474-1A3956D46DE8}") = "Task5", "Task5", "{22FB85E8-44A4-4716-BAAA-D00D9552CC88}"
EndProject
Global
	GlobalSection(SolutionConfigurationPlatforms) = preSolution
		Debug|Any CPU = Debug|Any CPU
		Release|Any CPU = Release|Any CPU
	EndGlobalSection
	GlobalSection(ProjectConfigurationPlatforms) = postSolution
		{47E05B06-6462-4AA4-94BC-C8BEE9090CC7}.Debug|Any CPU.ActiveCfg = Debug|Any CPU
		{47E05B06-6462-4AA4-94BC-C8BEE9090CC7}.Debug|Any CPU.Build.0 = Debug|Any CPU
		{47E05B06-6462-4AA4-94BC-C8BEE9090CC7}.Release|Any CPU.ActiveCfg = Release|Any CPU
		{47E05B06-6462-4AA4-94BC-C8BEE9090CC7}.Release|Any CPU.Build.0 = Release|Any CPU
		{5238A45A-B471-4E49-A237-C1F4DEA1F00F}.Debug|Any CPU.ActiveCfg = Debug|Any CPU
		{5238A45A-B471-4E49-A237-C1F4DEA1F00F}.Debug|Any CPU.Build.0 = Debug|Any CPU
		{5238A45A-B471-4E49-A237-C1F4DEA1F00F}.Release|Any CPU.ActiveCfg = Release|Any CPU
		{5238A45A-B471-4E49-A237-C1F4DEA1F00F}.Release|Any CPU.Build.0 = Release|Any CPU
		{0149D894-93CA-4158-9B46-170C377BAF49}.Debug|Any CPU.ActiveCfg = Debug|Any CPU
		{0149D894-93CA-4158-9B46-170C377BAF49}.Debug|Any CPU.Build.0 = Debug|Any CPU
		{0149D894-93CA-4158-9B46-170C377BAF49}.Release|Any CPU.ActiveCfg = Release|Any CPU
		{0149D894-93CA-4158-9B46-170C377BAF49}.Release|Any CPU.Build.0 = Release|Any CPU
		{47DBD9A1-EAE2-487D-8DA5-CC0AD350BA36}.Debug|Any CPU.ActiveCfg = Debug|Any CPU
		{47DBD9A1-EAE2-487D-8DA5-CC0AD350BA36}.Debug|Any CPU.Build.0 = Debug|Any CPU
		{47DBD9A1-EAE2-487D-8DA5-CC0AD350BA36}.Release|Any CPU.ActiveCfg = Release|Any CPU
		{47DBD9A1-EAE2-487D-8DA5-CC0AD350BA36}.Release|Any CPU.Build.0 = Release|Any CPU
		{BB76627D-7400-4494-9B23-80B5D5295A48}.Debug|Any CPU.ActiveCfg = Debug|Any CPU
		{BB76627D-7400-4494-9B23-80B5D5295A48}.Debug|Any CPU.Build.0 = Debug|Any CPU
		{BB76627D-7400-4494-9B23-80B5D5295A48}.Release|Any CPU.ActiveCfg = Release|Any CPU
		{BB76627D-7400-4494-9B23-80B5D5295A48}.Release|Any CPU.Build.0 = Release|Any CPU
		{0FC726E7-E76C-4BE8-A33E-DE09B75396FC}.Debug|Any CPU.ActiveCfg = Debug|Any CPU
		{0FC726E7-E76C-4BE8-A33E-DE09B75396FC}.Debug|Any CPU.Build.0 = Debug|Any CPU
		{0FC726E7-E76C-4BE8-A33E-DE09B75396FC}.Release|Any CPU.ActiveCfg = Release|Any CPU
		{0FC726E7-E76C-4BE8-A33E-DE09B75396FC}.Release|Any CPU.Build.0 = Release|Any CPU
		{82406C3C-7E97-4EBC-B2BD-4EDE2CC4D853}.Debug|Any CPU.ActiveCfg = Debug|Any CPU
		{82406C3C-7E97-4EBC-B2BD-4EDE2CC4D853}.Debug|Any CPU.Build.0 = Debug|Any CPU
		{82406C3C-7E97-4EBC-B2BD-4EDE2CC4D853}.Release|Any CPU.ActiveCfg = Release|Any CPU
		{82406C3C-7E97-4EBC-B2BD-4EDE2CC4D853}.Release|Any CPU.Build.0 = Release|Any CPU
		{DBBDBE5C-EEE3-455D-8667-09A07CD3008E}.Debug|Any CPU.ActiveCfg = Debug|Any CPU
		{DBBDBE5C-EEE3-455D-8667-09A07CD3008E}.Debug|Any CPU.Build.0 = Debug|Any CPU
		{DBBDBE5C-EEE3-455D-8667-09A07CD3008E}.Release|Any CPU.ActiveCfg = Release|Any CPU
		{DBBDBE5C-EEE3-455D-8667-09A07CD3008E}.Release|Any CPU.Build.0 = Release|Any CPU
		{74C90BF9-A691-4D0B-8BE4-4C1BA232A5D5}.Debug|Any CPU.ActiveCfg = Debug|Any CPU
		{74C90BF9-A691-4D0B-8BE4-4C1BA232A5D5}.Debug|Any CPU.Build.0 = Debug|Any CPU
		{74C90BF9-A691-4D0B-8BE4-4C1BA232A5D5}.Release|Any CPU.ActiveCfg = Release|Any CPU
		{74C90BF9-A691-4D0B-8BE4-4C1BA232A5D5}.Release|Any CPU.Build.0 = Release|Any CPU
		{76E064EE-9A9F-4272-B26D-F994560EC4FF}.Debug|Any CPU.ActiveCfg = Debug|Any CPU
		{76E064EE-9A9F-4272-B26D-F994560EC4FF}.Debug|Any CPU.Build.0 = Debug|Any CPU
		{76E064EE-9A9F-4272-B26D-F994560EC4FF}.Release|Any CPU.ActiveCfg = Release|Any CPU
		{76E064EE-9A9F-4272-B26D-F994560EC4FF}.Release|Any CPU.Build.0 = Release|Any CPU
		{D8278697-5756-4141-849C-14ED213703C5}.Debug|Any CPU.ActiveCfg = Debug|Any CPU
		{D8278697-5756-4141-849C-14ED213703C5}.Debug|Any CPU.Build.0 = Debug|Any CPU
		{D8278697-5756-4141-849C-14ED213703C5}.Release|Any CPU.ActiveCfg = Release|Any CPU
		{D8278697-5756-4141-849C-14ED213703C5}.Release|Any CPU.Build.0 = Release|Any CPU
		{4A0424F0-1F1C-4AD3-9F44-DF8BE551137E}.Debug|Any CPU.ActiveCfg = Debug|Any CPU
		{4A0424F0-1F1C-4AD3-9F44-DF8BE551137E}.Debug|Any CPU.Build.0 = Debug|Any CPU
		{4A0424F0-1F1C-4AD3-9F44-DF8BE551137E}.Release|Any CPU.ActiveCfg = Release|Any CPU
		{4A0424F0-1F1C-4AD3-9F44-DF8BE551137E}.Release|Any CPU.Build.0 = Release|Any CPU
		{24245F52-41A9-44D2-BDA5-AA27A6334216}.Debug|Any CPU.ActiveCfg = Debug|Any CPU
		{24245F52-41A9-44D2-BDA5-AA27A6334216}.Debug|Any CPU.Build.0 = Debug|Any CPU
		{24245F52-41A9-44D2-BDA5-AA27A6334216}.Release|Any CPU.ActiveCfg = Release|Any CPU
		{24245F52-41A9-44D2-BDA5-AA27A6334216}.Release|Any CPU.Build.0 = Release|Any CPU
		{94F48152-8406-4836-AD97-8B9661682CB5}.Debug|Any CPU.ActiveCfg = Debug|Any CPU
		{94F48152-8406-4836-AD97-8B9661682CB5}.Debug|Any CPU.Build.0 = Debug|Any CPU
		{94F48152-8406-4836-AD97-8B9661682CB5}.Release|Any CPU.ActiveCfg = Release|Any CPU
		{94F48152-8406-4836-AD97-8B9661682CB5}.Release|Any CPU.Build.0 = Release|Any CPU
		{8576346A-77D9-42ED-B92F-F322E0EEB3B6}.Debug|Any CPU.ActiveCfg = Debug|Any CPU
		{8576346A-77D9-42ED-B92F-F322E0EEB3B6}.Debug|Any CPU.Build.0 = Debug|Any CPU
		{8576346A-77D9-42ED-B92F-F322E0EEB3B6}.Release|Any CPU.ActiveCfg = Release|Any CPU
		{8576346A-77D9-42ED-B92F-F322E0EEB3B6}.Release|Any CPU.Build.0 = Release|Any CPU
		{A5C56FC9-E0C8-4013-8B83-45EF0BFEB8DF}.Debug|Any CPU.ActiveCfg = Debug|Any CPU
		{A5C56FC9-E0C8-4013-8B83-45EF0BFEB8DF}.Debug|Any CPU.Build.0 = Debug|Any CPU
		{A5C56FC9-E0C8-4013-8B83-45EF0BFEB8DF}.Release|Any CPU.ActiveCfg = Release|Any CPU
		{A5C56FC9-E0C8-4013-8B83-45EF0BFEB8DF}.Release|Any CPU.Build.0 = Release|Any CPU
		{1F7FD5B0-C112-4ED1-ABEE-F59F6DC71593}.Debug|Any CPU.ActiveCfg = Debug|Any CPU
		{1F7FD5B0-C112-4ED1-ABEE-F59F6DC71593}.Debug|Any CPU.Build.0 = Debug|Any CPU
		{1F7FD5B0-C112-4ED1-ABEE-F59F6DC71593}.Release|Any CPU.ActiveCfg = Release|Any CPU
		{1F7FD5B0-C112-4ED1-ABEE-F59F6DC71593}.Release|Any CPU.Build.0 = Release|Any CPU
		{DD4F7791-8977-42E4-AB50-515028FD3756}.Debug|Any CPU.ActiveCfg = Debug|Any CPU
		{DD4F7791-8977-42E4-AB50-515028FD3756}.Debug|Any CPU.Build.0 = Debug|Any CPU
		{DD4F7791-8977-42E4-AB50-515028FD3756}.Release|Any CPU.ActiveCfg = Release|Any CPU
		{DD4F7791-8977-42E4-AB50-515028FD3756}.Release|Any CPU.Build.0 = Release|Any CPU
	EndGlobalSection
	GlobalSection(SolutionProperties) = preSolution
		HideSolutionNode = FALSE
	EndGlobalSection
	GlobalSection(NestedProjects) = preSolution
		{47E05B06-6462-4AA4-94BC-C8BEE9090CC7} = {0E901A0A-6D0A-48B4-B951-5C4CC9F6F2C7}
		{5238A45A-B471-4E49-A237-C1F4DEA1F00F} = {0E901A0A-6D0A-48B4-B951-5C4CC9F6F2C7}
		{0149D894-93CA-4158-9B46-170C377BAF49} = {0E901A0A-6D0A-48B4-B951-5C4CC9F6F2C7}
		{47DBD9A1-EAE2-487D-8DA5-CC0AD350BA36} = {AF781A4B-6CF2-45C2-81D0-ED0626CB9DF5}
		{BB76627D-7400-4494-9B23-80B5D5295A48} = {AF781A4B-6CF2-45C2-81D0-ED0626CB9DF5}
		{0FC726E7-E76C-4BE8-A33E-DE09B75396FC} = {AF781A4B-6CF2-45C2-81D0-ED0626CB9DF5}
		{82406C3C-7E97-4EBC-B2BD-4EDE2CC4D853} = {45CEDAA4-087C-4BDF-86DD-7B4E8975B154}
		{DBBDBE5C-EEE3-455D-8667-09A07CD3008E} = {45CEDAA4-087C-4BDF-86DD-7B4E8975B154}
		{74C90BF9-A691-4D0B-8BE4-4C1BA232A5D5} = {45CEDAA4-087C-4BDF-86DD-7B4E8975B154}
		{76E064EE-9A9F-4272-B26D-F994560EC4FF} = {39AB614E-0104-4F17-8365-178F7C168D1C}
		{D8278697-5756-4141-849C-14ED213703C5} = {39AB614E-0104-4F17-8365-178F7C168D1C}
		{4A0424F0-1F1C-4AD3-9F44-DF8BE551137E} = {39AB614E-0104-4F17-8365-178F7C168D1C}
		{24245F52-41A9-44D2-BDA5-AA27A6334216} = {25726618-B6B0-4E56-8FD9-32305BF338AA}
		{94F48152-8406-4836-AD97-8B9661682CB5} = {25726618-B6B0-4E56-8FD9-32305BF338AA}
		{8576346A-77D9-42ED-B92F-F322E0EEB3B6} = {25726618-B6B0-4E56-8FD9-32305BF338AA}
		{A5C56FC9-E0C8-4013-8B83-45EF0BFEB8DF} = {22FB85E8-44A4-4716-BAAA-D00D9552CC88}
		{1F7FD5B0-C112-4ED1-ABEE-F59F6DC71593} = {22FB85E8-44A4-4716-BAAA-D00D9552CC88}
		{DD4F7791-8977-42E4-AB50-515028FD3756} = {22FB85E8-44A4-4716-BAAA-D00D9552CC88}
	EndGlobalSection
	GlobalSection(ExtensibilityGlobals) = postSolution
		SolutionGuid = {42DD5AD1-38A1-4C89-9649-D2DCE1905036}
	EndGlobalSection
EndGlobal
